
Microsoft Visual Studio Solution File, Format Version 12.00
# Visual Studio Version 17
VisualStudioVersion = 17.9.34723.18
MinimumVisualStudioVersion = 10.0.40219.1
Project("{8BC9CEB8-8B4A-11D0-8D11-00A0C91BC942}") = "Books_Management", "Books_Management\Books_Management.vcxproj", "{D0C2250F-984D-4705-8EEC-52007744077F}"
EndProject
Global
	GlobalSection(SolutionConfigurationPlatforms) = preSolution
		Debug|x64 = Debug|x64
		Debug|x86 = Debug|x86
		Release|x64 = Release|x64
		Release|x86 = Release|x86
	EndGlobalSection
	GlobalSection(ProjectConfigurationPlatforms) = postSolution
		{D0C2250F-984D-4705-8EEC-52007744077F}.Debug|x64.ActiveCfg = Debug|x64
		{D0C2250F-984D-4705-8EEC-52007744077F}.Debug|x64.Build.0 = Debug|x64
		{D0C2250F-984D-4705-8EEC-52007744077F}.Debug|x86.ActiveCfg = Debug|Win32
		{D0C2250F-984D-4705-8EEC-52007744077F}.Debug|x86.Build.0 = Debug|Win32
		{D0C2250F-984D-4705-8EEC-52007744077F}.Release|x64.ActiveCfg = Release|x64
		{D0C2250F-984D-4705-8EEC-52007744077F}.Release|x64.Build.0 = Release|x64
		{D0C2250F-984D-4705-8EEC-52007744077F}.Release|x86.ActiveCfg = Release|Win32
		{D0C2250F-984D-4705-8EEC-52007744077F}.Release|x86.Build.0 = Release|Win32
	EndGlobalSection
	GlobalSection(SolutionProperties) = preSolution
		HideSolutionNode = FALSE
	EndGlobalSection
	GlobalSection(ExtensibilityGlobals) = postSolution
		SolutionGuid = {08018B2C-76A3-4FFD-BF60-636B35BA0F54}
	EndGlobalSection
EndGlobal
